
Microsoft Visual Studio Solution File, Format Version 12.00
# Visual Studio Version 17
VisualStudioVersion = 17.4.33103.184
MinimumVisualStudioVersion = 10.0.40219.1
Project("{8BC9CEB8-8B4A-11D0-8D11-00A0C91BC942}") = "MMDatUtil", "MMDatUtil.vcxproj", "{AE41184A-E857-4DF5-ADD3-5456DAF7FB76}"
EndProject
Project("{8BC9CEB8-8B4A-11D0-8D11-00A0C91BC942}") = "UniTest", "test\UniTest\UniTest.vcxproj", "{694E0396-3260-44D4-A5E1-FA6F179272CC}"
EndProject
Global
	GlobalSection(SolutionConfigurationPlatforms) = preSolution
		Debug|x64 = Debug|x64
		Debug|x86 = Debug|x86
		Release|x64 = Release|x64
		Release|x86 = Release|x86
	EndGlobalSection
	GlobalSection(ProjectConfigurationPlatforms) = postSolution
		{AE41184A-E857-4DF5-ADD3-5456DAF7FB76}.Debug|x64.ActiveCfg = Debug|x64
		{AE41184A-E857-4DF5-ADD3-5456DAF7FB76}.Debug|x64.Build.0 = Debug|x64
		{AE41184A-E857-4DF5-ADD3-5456DAF7FB76}.Debug|x86.ActiveCfg = Debug|Win32
		{AE41184A-E857-4DF5-ADD3-5456DAF7FB76}.Debug|x86.Build.0 = Debug|Win32
		{AE41184A-E857-4DF5-ADD3-5456DAF7FB76}.Release|x64.ActiveCfg = Release|x64
		{AE41184A-E857-4DF5-ADD3-5456DAF7FB76}.Release|x64.Build.0 = Release|x64
		{AE41184A-E857-4DF5-ADD3-5456DAF7FB76}.Release|x86.ActiveCfg = Release|Win32
		{AE41184A-E857-4DF5-ADD3-5456DAF7FB76}.Release|x86.Build.0 = Release|Win32
		{694E0396-3260-44D4-A5E1-FA6F179272CC}.Debug|x64.ActiveCfg = Debug|x64
		{694E0396-3260-44D4-A5E1-FA6F179272CC}.Debug|x64.Build.0 = Debug|x64
		{694E0396-3260-44D4-A5E1-FA6F179272CC}.Debug|x86.ActiveCfg = Debug|Win32
		{694E0396-3260-44D4-A5E1-FA6F179272CC}.Debug|x86.Build.0 = Debug|Win32
		{694E0396-3260-44D4-A5E1-FA6F179272CC}.Release|x64.ActiveCfg = Release|x64
		{694E0396-3260-44D4-A5E1-FA6F179272CC}.Release|x64.Build.0 = Release|x64
		{694E0396-3260-44D4-A5E1-FA6F179272CC}.Release|x86.ActiveCfg = Release|Win32
		{694E0396-3260-44D4-A5E1-FA6F179272CC}.Release|x86.Build.0 = Release|Win32
	EndGlobalSection
	GlobalSection(SolutionProperties) = preSolution
		HideSolutionNode = FALSE
	EndGlobalSection
	GlobalSection(ExtensibilityGlobals) = postSolution
		SolutionGuid = {48B85222-E863-4553-A0A5-F5901CCF3093}
	EndGlobalSection
EndGlobal
